
Microsoft Visual Studio Solution File, Format Version 12.00
# Visual Studio Version 17
VisualStudioVersion = 17.14.37111.16 d17.14
MinimumVisualStudioVersion = 10.0.40219.1
Project("{8BC9CEB8-8B4A-11D0-8D11-00A0C91BC942}") = "Other_operations", "Other_operations.vcxproj", "{DB931C86-EDA8-4D69-897D-B5643D39649E}"
EndProject
Global
	GlobalSection(SolutionConfigurationPlatforms) = preSolution
		Debug|x64 = Debug|x64
		Debug|x86 = Debug|x86
		Release|x64 = Release|x64
		Release|x86 = Release|x86
	EndGlobalSection
	GlobalSection(ProjectConfigurationPlatforms) = postSolution
		{DB931C86-EDA8-4D69-897D-B5643D39649E}.Debug|x64.ActiveCfg = Debug|x64
		{DB931C86-EDA8-4D69-897D-B5643D39649E}.Debug|x64.Build.0 = Debug|x64
		{DB931C86-EDA8-4D69-897D-B5643D39649E}.Debug|x86.ActiveCfg = Debug|Win32
		{DB931C86-EDA8-4D69-897D-B5643D39649E}.Debug|x86.Build.0 = Debug|Win32
		{DB931C86-EDA8-4D69-897D-B5643D39649E}.Release|x64.ActiveCfg = Release|x64
		{DB931C86-EDA8-4D69-897D-B5643D39649E}.Release|x64.Build.0 = Release|x64
		{DB931C86-EDA8-4D69-897D-B5643D39649E}.Release|x86.ActiveCfg = Release|Win32
		{DB931C86-EDA8-4D69-897D-B5643D39649E}.Release|x86.Build.0 = Release|Win32
	EndGlobalSection
	GlobalSection(SolutionProperties) = preSolution
		HideSolutionNode = FALSE
	EndGlobalSection
	GlobalSection(ExtensibilityGlobals) = postSolution
		SolutionGuid = {D44C61D9-4CE3-4BA5-A47F-49A19A2B5A1F}
	EndGlobalSection
EndGlobal
